// !$*UTF8*$!
{
	archiveVersion = 1;
	classes = {
	};
	objectVersion = 46;
	objects = {

/* Begin PBXBuildFile section */
		7F4A10601D2DE61700CDF0C0 /* iw_selected.png in Resources */ = {isa = PBXBuildFile; fileRef = 7F4A105E1D2DE61700CDF0C0 /* iw_selected.png */; };
		7F4A10611D2DE61700CDF0C0 /* iw_unselected.png in Resources */ = {isa = PBXBuildFile; fileRef = 7F4A105F1D2DE61700CDF0C0 /* iw_unselected.png */; };
		7F8841841D2C9988008CB095 /* IWManagerVideosViewController.swift in Sources */ = {isa = PBXBuildFile; fileRef = 7F8841831D2C9988008CB095 /* IWManagerVideosViewController.swift */; };
		7F8841861D2CAE1E008CB095 /* iw_playIcon.png in Resources */ = {isa = PBXBuildFile; fileRef = 7F8841851D2CAE1E008CB095 /* iw_playIcon.png */; };
		7FD17D8F1D2A2F5B00BA92D8 /* AppDelegate.swift in Sources */ = {isa = PBXBuildFile; fileRef = 7FD17D8E1D2A2F5B00BA92D8 /* AppDelegate.swift */; };
		7FD17D911D2A2F5B00BA92D8 /* ViewController.swift in Sources */ = {isa = PBXBuildFile; fileRef = 7FD17D901D2A2F5B00BA92D8 /* ViewController.swift */; };
		7FD17D941D2A2F5B00BA92D8 /* Main.storyboard in Resources */ = {isa = PBXBuildFile; fileRef = 7FD17D921D2A2F5B00BA92D8 /* Main.storyboard */; };
		7FD17D961D2A2F5B00BA92D8 /* Assets.xcassets in Resources */ = {isa = PBXBuildFile; fileRef = 7FD17D951D2A2F5B00BA92D8 /* Assets.xcassets */; };
		7FD17D991D2A2F5B00BA92D8 /* LaunchScreen.storyboard in Resources */ = {isa = PBXBuildFile; fileRef = 7FD17D971D2A2F5B00BA92D8 /* LaunchScreen.storyboard */; };
		7FD17DA11D2A549700BA92D8 /* IWVideoRecordingController.swift in Sources */ = {isa = PBXBuildFile; fileRef = 7FD17DA01D2A549700BA92D8 /* IWVideoRecordingController.swift */; };
		7FD17DA31D2A56CC00BA92D8 /* iw_back.png in Resources */ = {isa = PBXBuildFile; fileRef = 7FD17DA21D2A56CC00BA92D8 /* iw_back.png */; };
		7FD17DA51D2A59DF00BA92D8 /* iw_cameraSide.png in Resources */ = {isa = PBXBuildFile; fileRef = 7FD17DA41D2A59DF00BA92D8 /* iw_cameraSide.png */; };
		7FD17DA71D2A5B3D00BA92D8 /* iw_flashOn.png in Resources */ = {isa = PBXBuildFile; fileRef = 7FD17DA61D2A5B3D00BA92D8 /* iw_flashOn.png */; };
		7FD17DA91D2A5B4400BA92D8 /* iw_flashOff.png in Resources */ = {isa = PBXBuildFile; fileRef = 7FD17DA81D2A5B4400BA92D8 /* iw_flashOff.png */; };
		7FD971841D2B9CE40050007B /* IWVideoOperatorView.swift in Sources */ = {isa = PBXBuildFile; fileRef = 7FD971831D2B9CE40050007B /* IWVideoOperatorView.swift */; };
		7FD971861D2B9CF20050007B /* IWVideoOperatorView.xib in Resources */ = {isa = PBXBuildFile; fileRef = 7FD971851D2B9CF20050007B /* IWVideoOperatorView.xib */; };
/* End PBXBuildFile section */

/* Begin PBXFileReference section */
		7F4A105E1D2DE61700CDF0C0 /* iw_selected.png */ = {isa = PBXFileReference; lastKnownFileType = image.png; path = iw_selected.png; sourceTree = "<group>"; };
		7F4A105F1D2DE61700CDF0C0 /* iw_unselected.png */ = {isa = PBXFileReference; lastKnownFileType = image.png; path = iw_unselected.png; sourceTree = "<group>"; };
		7F8841831D2C9988008CB095 /* IWManagerVideosViewController.swift */ = {isa = PBXFileReference; fileEncoding = 4; lastKnownFileType = sourcecode.swift; path = IWManagerVideosViewController.swift; sourceTree = "<group>"; };
		7F8841851D2CAE1E008CB095 /* iw_playIcon.png */ = {isa = PBXFileReference; lastKnownFileType = image.png; path = iw_playIcon.png; sourceTree = "<group>"; };
		7FD17D8B1D2A2F5B00BA92D8 /* VideoRecording.app */ = {isa = PBXFileReference; explicitFileType = wrapper.application; includeInIndex = 0; path = VideoRecording.app; sourceTree = BUILT_PRODUCTS_DIR; };
		7FD17D8E1D2A2F5B00BA92D8 /* AppDelegate.swift */ = {isa = PBXFileReference; lastKnownFileType = sourcecode.swift; path = AppDelegate.swift; sourceTree = "<group>"; };
		7FD17D901D2A2F5B00BA92D8 /* ViewController.swift */ = {isa = PBXFileReference; lastKnownFileType = sourcecode.swift; path = ViewController.swift; sourceTree = "<group>"; };
		7FD17D931D2A2F5B00BA92D8 /* Base */ = {isa = PBXFileReference; lastKnownFileType = file.storyboard; name = Base; path = Base.lproj/Main.storyboard; sourceTree = "<group>"; };
		7FD17D951D2A2F5B00BA92D8 /* Assets.xcassets */ = {isa = PBXFileReference; lastKnownFileType = folder.assetcatalog; path = Assets.xcassets; sourceTree = "<group>"; };
		7FD17D981D2A2F5B00BA92D8 /* Base */ = {isa = PBXFileReference; lastKnownFileType = file.storyboard; name = Base; path = Base.lproj/LaunchScreen.storyboard; sourceTree = "<group>"; };
		7FD17D9A1D2A2F5B00BA92D8 /* Info.plist */ = {isa = PBXFileReference; lastKnownFileType = text.plist.xml; path = Info.plist; sourceTree = "<group>"; };
		7FD17DA01D2A549700BA92D8 /* IWVideoRecordingController.swift */ = {isa = PBXFileReference; fileEncoding = 4; lastKnownFileType = sourcecode.swift; path = IWVideoRecordingController.swift; sourceTree = "<group>"; };
		7FD17DA21D2A56CC00BA92D8 /* iw_back.png */ = {isa = PBXFileReference; lastKnownFileType = image.png; path = iw_back.png; sourceTree = "<group>"; };
		7FD17DA41D2A59DF00BA92D8 /* iw_cameraSide.png */ = {isa = PBXFileReference; lastKnownFileType = image.png; path = iw_cameraSide.png; sourceTree = "<group>"; };
		7FD17DA61D2A5B3D00BA92D8 /* iw_flashOn.png */ = {isa = PBXFileReference; lastKnownFileType = image.png; path = iw_flashOn.png; sourceTree = "<group>"; };
		7FD17DA81D2A5B4400BA92D8 /* iw_flashOff.png */ = {isa = PBXFileReference; lastKnownFileType = image.png; path = iw_flashOff.png; sourceTree = "<group>"; };
		7FD971831D2B9CE40050007B /* IWVideoOperatorView.swift */ = {isa = PBXFileReference; fileEncoding = 4; lastKnownFileType = sourcecode.swift; path = IWVideoOperatorView.swift; sourceTree = "<group>"; };
		7FD971851D2B9CF20050007B /* IWVideoOperatorView.xib */ = {isa = PBXFileReference; fileEncoding = 4; lastKnownFileType = file.xib; path = IWVideoOperatorView.xib; sourceTree = "<group>"; };
/* End PBXFileReference section */

/* Begin PBXFrameworksBuildPhase section */
		7FD17D881D2A2F5B00BA92D8 /* Frameworks */ = {
			isa = PBXFrameworksBuildPhase;
			buildActionMask = 2147483647;
			files = (
			);
			runOnlyForDeploymentPostprocessing = 0;
		};
/* End PBXFrameworksBuildPhase section */

/* Begin PBXGroup section */
		7FD17D821D2A2F5A00BA92D8 = {
			isa = PBXGroup;
			children = (
				7FD17D8D1D2A2F5B00BA92D8 /* VideoRecording */,
				7FD17D8C1D2A2F5B00BA92D8 /* Products */,
			);
			sourceTree = "<group>";
		};
		7FD17D8C1D2A2F5B00BA92D8 /* Products */ = {
			isa = PBXGroup;
			children = (
				7FD17D8B1D2A2F5B00BA92D8 /* VideoRecording.app */,
			);
			name = Products;
			sourceTree = "<group>";
		};
		7FD17D8D1D2A2F5B00BA92D8 /* VideoRecording */ = {
			isa = PBXGroup;
			children = (
				7F4A105E1D2DE61700CDF0C0 /* iw_selected.png */,
				7F4A105F1D2DE61700CDF0C0 /* iw_unselected.png */,
				7FD17DA21D2A56CC00BA92D8 /* iw_back.png */,
				7FD17DA41D2A59DF00BA92D8 /* iw_cameraSide.png */,
				7FD17DA61D2A5B3D00BA92D8 /* iw_flashOn.png */,
				7FD17DA81D2A5B4400BA92D8 /* iw_flashOff.png */,
				7F8841851D2CAE1E008CB095 /* iw_playIcon.png */,
				7FD17D8E1D2A2F5B00BA92D8 /* AppDelegate.swift */,
				7FD17D901D2A2F5B00BA92D8 /* ViewController.swift */,
				7FD17DA01D2A549700BA92D8 /* IWVideoRecordingController.swift */,
				7FD971831D2B9CE40050007B /* IWVideoOperatorView.swift */,
				7F8841831D2C9988008CB095 /* IWManagerVideosViewController.swift */,
				7FD971851D2B9CF20050007B /* IWVideoOperatorView.xib */,
				7FD17D921D2A2F5B00BA92D8 /* Main.storyboard */,
				7FD17D951D2A2F5B00BA92D8 /* Assets.xcassets */,
				7FD17D971D2A2F5B00BA92D8 /* LaunchScreen.storyboard */,
				7FD17D9A1D2A2F5B00BA92D8 /* Info.plist */,
			);
			path = VideoRecording;
			sourceTree = "<group>";
		};
/* End PBXGroup section */

/* Begin PBXNativeTarget section */
		7FD17D8A1D2A2F5B00BA92D8 /* VideoRecording */ = {
			isa = PBXNativeTarget;
			buildConfigurationList = 7FD17D9D1D2A2F5B00BA92D8 /* Build configuration list for PBXNativeTarget "VideoRecording" */;
			buildPhases = (
				7FD17D871D2A2F5B00BA92D8 /* Sources */,
				7FD17D881D2A2F5B00BA92D8 /* Frameworks */,
				7FD17D891D2A2F5B00BA92D8 /* Resources */,
			);
			buildRules = (
			);
			dependencies = (
			);
			name = VideoRecording;
			productName = VideoRecording;
			productReference = 7FD17D8B1D2A2F5B00BA92D8 /* VideoRecording.app */;
			productType = "com.apple.product-type.application";
		};
/* End PBXNativeTarget section */

/* Begin PBXProject section */
		7FD17D831D2A2F5A00BA92D8 /* Project object */ = {
			isa = PBXProject;
			attributes = {
				LastSwiftUpdateCheck = 0730;
				LastUpgradeCheck = 0730;
				ORGANIZATIONNAME = iwhere;
				TargetAttributes = {
					7FD17D8A1D2A2F5B00BA92D8 = {
						CreatedOnToolsVersion = 7.3.1;
						DevelopmentTeam = 3S533JBCEY;
					};
				};
			};
			buildConfigurationList = 7FD17D861D2A2F5A00BA92D8 /* Build configuration list for PBXProject "VideoRecording" */;
			compatibilityVersion = "Xcode 3.2";
			developmentRegion = English;
			hasScannedForEncodings = 0;
			knownRegions = (
				en,
				Base,
			);
			mainGroup = 7FD17D821D2A2F5A00BA92D8;
			productRefGroup = 7FD17D8C1D2A2F5B00BA92D8 /* Products */;
			projectDirPath = "";
			projectRoot = "";
			targets = (
				7FD17D8A1D2A2F5B00BA92D8 /* VideoRecording */,
			);
		};
/* End PBXProject section */

/* Begin PBXResourcesBuildPhase section */
		7FD17D891D2A2F5B00BA92D8 /* Resources */ = {
			isa = PBXResourcesBuildPhase;
			buildActionMask = 2147483647;
			files = (
				7FD17D991D2A2F5B00BA92D8 /* LaunchScreen.storyboard in Resources */,
				7FD17D961D2A2F5B00BA92D8 /* Assets.xcassets in Resources */,
				7FD17DA51D2A59DF00BA92D8 /* iw_cameraSide.png in Resources */,
				7FD17D941D2A2F5B00BA92D8 /* Main.storyboard in Resources */,
				7FD17DA31D2A56CC00BA92D8 /* iw_back.png in Resources */,
				7F8841861D2CAE1E008CB095 /* iw_playIcon.png in Resources */,
				7F4A10611D2DE61700CDF0C0 /* iw_unselected.png in Resources */,
				7F4A10601D2DE61700CDF0C0 /* iw_selected.png in Resources */,
				7FD17DA91D2A5B4400BA92D8 /* iw_flashOff.png in Resources */,
				7FD971861D2B9CF20050007B /* IWVideoOperatorView.xib in Resources */,
				7FD17DA71D2A5B3D00BA92D8 /* iw_flashOn.png in Resources */,
			);
			runOnlyForDeploymentPostprocessing = 0;
		};
/* End PBXResourcesBuildPhase section */

/* Begin PBXSourcesBuildPhase section */
		7FD17D871D2A2F5B00BA92D8 /* Sources */ = {
			isa = PBXSourcesBuildPhase;
			buildActionMask = 2147483647;
			files = (
				7FD17DA11D2A549700BA92D8 /* IWVideoRecordingController.swift in Sources */,
				7FD17D911D2A2F5B00BA92D8 /* ViewController.swift in Sources */,
				7F8841841D2C9988008CB095 /* IWManagerVideosViewController.swift in Sources */,
				7FD971841D2B9CE40050007B /* IWVideoOperatorView.swift in Sources */,
				7FD17D8F1D2A2F5B00BA92D8 /* AppDelegate.swift in Sources */,
			);
			runOnlyForDeploymentPostprocessing = 0;
		};
/* End PBXSourcesBuildPhase section */

/* Begin PBXVariantGroup section */
		7FD17D921D2A2F5B00BA92D8 /* Main.storyboard */ = {
			isa = PBXVariantGroup;
			children = (
				7FD17D931D2A2F5B00BA92D8 /* Base */,
			);
			name = Main.storyboard;
			sourceTree = "<group>";
		};
		7FD17D971D2A2F5B00BA92D8 /* LaunchScreen.storyboard */ = {
			isa = PBXVariantGroup;
			children = (
				7FD17D981D2A2F5B00BA92D8 /* Base */,
			);
			name = LaunchScreen.storyboard;
			sourceTree = "<group>";
		};
/* End PBXVariantGroup section */

/* Begin XCBuildConfiguration section */
		7FD17D9B1D2A2F5B00BA92D8 /* Debug */ = {
			isa = XCBuildConfiguration;
			buildSettings = {
				ALWAYS_SEARCH_USER_PATHS = NO;
				CLANG_ANALYZER_NONNULL = YES;
				CLANG_CXX_LANGUAGE_STANDARD = "gnu++0x";
				CLANG_CXX_LIBRARY = "libc++";
				CLANG_ENABLE_MODULES = YES;
				CLANG_ENABLE_OBJC_ARC = YES;
				CLANG_WARN_BOOL_CONVERSION = YES;
				CLANG_WARN_CONSTANT_CONVERSION = YES;
				CLANG_WARN_DIRECT_OBJC_ISA_USAGE = YES_ERROR;
				CLANG_WARN_EMPTY_BODY = YES;
				CLANG_WARN_ENUM_CONVERSION = YES;
				CLANG_WARN_INT_CONVERSION = YES;
				CLANG_WARN_OBJC_ROOT_CLASS = YES_ERROR;
				CLANG_WARN_UNREACHABLE_CODE = YES;
				CLANG_WARN__DUPLICATE_METHOD_MATCH = YES;
				"CODE_SIGN_IDENTITY[sdk=iphoneos*]" = "iPhone Developer";
				COPY_PHASE_STRIP = NO;
				DEBUG_INFORMATION_FORMAT = dwarf;
				ENABLE_STRICT_OBJC_MSGSEND = YES;
				ENABLE_TESTABILITY = YES;
				GCC_C_LANGUAGE_STANDARD = gnu99;
				GCC_DYNAMIC_NO_PIC = NO;
				GCC_NO_COMMON_BLOCKS = YES;
				GCC_OPTIMIZATION_LEVEL = 0;
				GCC_PREPROCESSOR_DEFINITIONS = (
					"DEBUG=1",
					"$(inherited)",
				);
				GCC_WARN_64_TO_32_BIT_CONVERSION = YES;
				GCC_WARN_ABOUT_RETURN_TYPE = YES_ERROR;
				GCC_WARN_UNDECLARED_SELECTOR = YES;
				GCC_WARN_UNINITIALIZED_AUTOS = YES_AGGRESSIVE;
				GCC_WARN_UNUSED_FUNCTION = YES;
				GCC_WARN_UNUSED_VARIABLE = YES;
				IPHONEOS_DEPLOYMENT_TARGET = 9.3;
				MTL_ENABLE_DEBUG_INFO = YES;
				ONLY_ACTIVE_ARCH = YES;
				SDKROOT = iphoneos;
				SWIFT_OPTIMIZATION_LEVEL = "-Onone";
			};
			name = Debug;
		};
		7FD17D9C1D2A2F5B00BA92D8 /* Release */ = {
			isa = XCBuildConfiguration;
			buildSettings = {
				ALWAYS_SEARCH_USER_PATHS = NO;
				CLANG_ANALYZER_NONNULL = YES;
				CLANG_CXX_LANGUAGE_STANDARD = "gnu++0x";
				CLANG_CXX_LIBRARY = "libc++";
				CLANG_ENABLE_MODULES = YES;
				CLANG_ENABLE_OBJC_ARC = YES;
				CLANG_WARN_BOOL_CONVERSION = YES;
				CLANG_WARN_CONSTANT_CONVERSION = YES;
				CLANG_WARN_DIRECT_OBJC_ISA_USAGE = YES_ERROR;
				CLANG_WARN_EMPTY_BODY = YES;
				CLANG_WARN_ENUM_CONVERSION = YES;
				CLANG_WARN_INT_CONVERSION = YES;
				CLANG_WARN_OBJC_ROOT_CLASS = YES_ERROR;
				CLANG_WARN_UNREACHABLE_CODE = YES;
				CLANG_WARN__DUPLICATE_METHOD_MATCH = YES;
				"CODE_SIGN_IDENTITY[sdk=iphoneos*]" = "iPhone Developer";
				COPY_PHASE_STRIP = NO;
				DEBUG_INFORMATION_FORMAT = "dwarf-with-dsym";
				ENABLE_NS_ASSERTIONS = NO;
				ENABLE_STRICT_OBJC_MSGSEND = YES;
				GCC_C_LANGUAGE_STANDARD = gnu99;
				GCC_NO_COMMON_BLOCKS = YES;
				GCC_WARN_64_TO_32_BIT_CONVERSION = YES;
				GCC_WARN_ABOUT_RETURN_TYPE = YES_ERROR;
				GCC_WARN_UNDECLARED_SELECTOR = YES;
				GCC_WARN_UNINITIALIZED_AUTOS = YES_AGGRESSIVE;
				GCC_WARN_UNUSED_FUNCTION = YES;
				GCC_WARN_UNUSED_VARIABLE = YES;
				IPHONEOS_DEPLOYMENT_TARGET = 9.3;
				MTL_ENABLE_DEBUG_INFO = NO;
				SDKROOT = iphoneos;
				VALIDATE_PRODUCT = YES;
			};
			name = Release;
		};
		7FD17D9E1D2A2F5B00BA92D8 /* Debug */ = {
			isa = XCBuildConfiguration;
			buildSettings = {
				ASSETCATALOG_COMPILER_APPICON_NAME = AppIcon;
				CODE_SIGN_IDENTITY = "iPhone Developer";
				"CODE_SIGN_IDENTITY[sdk=iphoneos*]" = "iPhone Developer";
				INFOPLIST_FILE = VideoRecording/Info.plist;
				LD_RUNPATH_SEARCH_PATHS = "$(inherited) @executable_path/Frameworks";
				PRODUCT_BUNDLE_IDENTIFIER = com.iwhere.www.VideoRecording;
				PRODUCT_NAME = "$(TARGET_NAME)";
				PROVISIONING_PROFILE = "";
			};
			name = Debug;
		};
		7FD17D9F1D2A2F5B00BA92D8 /* Release */ = {
			isa = XCBuildConfiguration;
			buildSettings = {
				ASSETCATALOG_COMPILER_APPICON_NAME = AppIcon;
				CODE_SIGN_IDENTITY = "iPhone Developer";
				"CODE_SIGN_IDENTITY[sdk=iphoneos*]" = "iPhone Developer";
				INFOPLIST_FILE = VideoRecording/Info.plist;
				LD_RUNPATH_SEARCH_PATHS = "$(inherited) @executable_path/Frameworks";
				PRODUCT_BUNDLE_IDENTIFIER = com.iwhere.www.VideoRecording;
				PRODUCT_NAME = "$(TARGET_NAME)";
				PROVISIONING_PROFILE = "";
			};
			name = Release;
		};
/* End XCBuildConfiguration section */

/* Begin XCConfigurationList section */
		7FD17D861D2A2F5A00BA92D8 /* Build configuration list for PBXProject "VideoRecording" */ = {
			isa = XCConfigurationList;
			buildConfigurations = (
				7FD17D9B1D2A2F5B00BA92D8 /* Debug */,
				7FD17D9C1D2A2F5B00BA92D8 /* Release */,
			);
			defaultConfigurationIsVisible = 0;
			defaultConfigurationName = Release;
		};
		7FD17D9D1D2A2F5B00BA92D8 /* Build configuration list for PBXNativeTarget "VideoRecording" */ = {
			isa = XCConfigurationList;
			buildConfigurations = (
				7FD17D9E1D2A2F5B00BA92D8 /* Debug */,
				7FD17D9F1D2A2F5B00BA92D8 /* Release */,
			);
			defaultConfigurationIsVisible = 0;
			defaultConfigurationName = Release;
		};
/* End XCConfigurationList section */
	};
	rootObject = 7FD17D831D2A2F5A00BA92D8 /* Project object */;
}
